// !$*UTF8*$!
{
	archiveVersion = 1;
	classes = {
	};
	objectVersion = 51;
	objects = {

/* Begin PBXBuildFile section */
		4499F5A725B9831F007FBEBB /* AppDelegate.swift in Sources */ = {isa = PBXBuildFile; fileRef = 4499F5A625B9831F007FBEBB /* AppDelegate.swift */; };
		4499F5A925B9831F007FBEBB /* SceneDelegate.swift in Sources */ = {isa = PBXBuildFile; fileRef = 4499F5A825B9831F007FBEBB /* SceneDelegate.swift */; };
		4499F5AB25B9831F007FBEBB /* ViewController.swift in Sources */ = {isa = PBXBuildFile; fileRef = 4499F5AA25B9831F007FBEBB /* ViewController.swift */; };
		4499F5AE25B9831F007FBEBB /* Main.storyboard in Resources */ = {isa = PBXBuildFile; fileRef = 4499F5AC25B9831F007FBEBB /* Main.storyboard */; };
		4499F5B025B98320007FBEBB /* Assets.xcassets in Resources */ = {isa = PBXBuildFile; fileRef = 4499F5AF25B98320007FBEBB /* Assets.xcassets */; };
		4499F5B325B98320007FBEBB /* LaunchScreen.storyboard in Resources */ = {isa = PBXBuildFile; fileRef = 4499F5B125B98320007FBEBB /* LaunchScreen.storyboard */; };
		44FB585E25BADECA009EB595 /* OrderViewController.swift in Sources */ = {isa = PBXBuildFile; fileRef = 44FB585D25BADECA009EB595 /* OrderViewController.swift */; };
		9C05527A5907A5499539E0F4 /* Pods_FoodApp.framework in Frameworks */ = {isa = PBXBuildFile; fileRef = C48D3A847594044742CF8FB4 /* Pods_FoodApp.framework */; };
/* End PBXBuildFile section */

/* Begin PBXFileReference section */
		2C9766AD97AFBD5193584A5E /* Pods-FoodApp.debug.xcconfig */ = {isa = PBXFileReference; includeInIndex = 1; lastKnownFileType = text.xcconfig; name = "Pods-FoodApp.debug.xcconfig"; path = "Target Support Files/Pods-FoodApp/Pods-FoodApp.debug.xcconfig"; sourceTree = "<group>"; };
		44784C4B25B98C720058D9DF /* Calibri Regular.ttf */ = {isa = PBXFileReference; lastKnownFileType = file; path = "Calibri Regular.ttf"; sourceTree = "<group>"; };
		44784C4C25B98C720058D9DF /* Calibri Light Italic.ttf */ = {isa = PBXFileReference; lastKnownFileType = file; path = "Calibri Light Italic.ttf"; sourceTree = "<group>"; };
		44784C4D25B98C720058D9DF /* Calibri Light.ttf */ = {isa = PBXFileReference; lastKnownFileType = file; path = "Calibri Light.ttf"; sourceTree = "<group>"; };
		44784C4E25B98C720058D9DF /* Calibri Bold Italic.ttf */ = {isa = PBXFileReference; lastKnownFileType = file; path = "Calibri Bold Italic.ttf"; sourceTree = "<group>"; };
		44784C4F25B98C720058D9DF /* Calibri Italic.ttf */ = {isa = PBXFileReference; lastKnownFileType = file; path = "Calibri Italic.ttf"; sourceTree = "<group>"; };
		44784C5025B98C720058D9DF /* Calibri Bold.TTF */ = {isa = PBXFileReference; lastKnownFileType = file; path = "Calibri Bold.TTF"; sourceTree = "<group>"; };
		4499F5A325B9831F007FBEBB /* FoodApp.app */ = {isa = PBXFileReference; explicitFileType = wrapper.application; includeInIndex = 0; path = FoodApp.app; sourceTree = BUILT_PRODUCTS_DIR; };
		4499F5A625B9831F007FBEBB /* AppDelegate.swift */ = {isa = PBXFileReference; lastKnownFileType = sourcecode.swift; path = AppDelegate.swift; sourceTree = "<group>"; };
		4499F5A825B9831F007FBEBB /* SceneDelegate.swift */ = {isa = PBXFileReference; lastKnownFileType = sourcecode.swift; path = SceneDelegate.swift; sourceTree = "<group>"; };
		4499F5AA25B9831F007FBEBB /* ViewController.swift */ = {isa = PBXFileReference; lastKnownFileType = sourcecode.swift; path = ViewController.swift; sourceTree = "<group>"; };
		4499F5AD25B9831F007FBEBB /* Base */ = {isa = PBXFileReference; lastKnownFileType = file.storyboard; name = Base; path = Base.lproj/Main.storyboard; sourceTree = "<group>"; };
		4499F5AF25B98320007FBEBB /* Assets.xcassets */ = {isa = PBXFileReference; lastKnownFileType = folder.assetcatalog; path = Assets.xcassets; sourceTree = "<group>"; };
		4499F5B225B98320007FBEBB /* Base */ = {isa = PBXFileReference; lastKnownFileType = file.storyboard; name = Base; path = Base.lproj/LaunchScreen.storyboard; sourceTree = "<group>"; };
		4499F5B425B98320007FBEBB /* Info.plist */ = {isa = PBXFileReference; lastKnownFileType = text.plist.xml; path = Info.plist; sourceTree = "<group>"; };
		44FB585D25BADECA009EB595 /* OrderViewController.swift */ = {isa = PBXFileReference; lastKnownFileType = sourcecode.swift; path = OrderViewController.swift; sourceTree = "<group>"; };
		C48D3A847594044742CF8FB4 /* Pods_FoodApp.framework */ = {isa = PBXFileReference; explicitFileType = wrapper.framework; includeInIndex = 0; path = Pods_FoodApp.framework; sourceTree = BUILT_PRODUCTS_DIR; };
		DEF1015219DAF3887399439A /* Pods-FoodApp.release.xcconfig */ = {isa = PBXFileReference; includeInIndex = 1; lastKnownFileType = text.xcconfig; name = "Pods-FoodApp.release.xcconfig"; path = "Target Support Files/Pods-FoodApp/Pods-FoodApp.release.xcconfig"; sourceTree = "<group>"; };
/* End PBXFileReference section */

/* Begin PBXFrameworksBuildPhase section */
		4499F5A025B9831F007FBEBB /* Frameworks */ = {
			isa = PBXFrameworksBuildPhase;
			buildActionMask = 2147483647;
			files = (
				9C05527A5907A5499539E0F4 /* Pods_FoodApp.framework in Frameworks */,
			);
			runOnlyForDeploymentPostprocessing = 0;
		};
/* End PBXFrameworksBuildPhase section */

/* Begin PBXGroup section */
		44784C4925B98C570058D9DF /* Calibri Font */ = {
			isa = PBXGroup;
			children = (
				44784C4E25B98C720058D9DF /* Calibri Bold Italic.ttf */,
				44784C5025B98C720058D9DF /* Calibri Bold.TTF */,
				44784C4F25B98C720058D9DF /* Calibri Italic.ttf */,
				44784C4C25B98C720058D9DF /* Calibri Light Italic.ttf */,
				44784C4D25B98C720058D9DF /* Calibri Light.ttf */,
				44784C4B25B98C720058D9DF /* Calibri Regular.ttf */,
			);
			path = "Calibri Font";
			sourceTree = "<group>";
		};
		4499F59A25B9831F007FBEBB = {
			isa = PBXGroup;
			children = (
				4499F5A525B9831F007FBEBB /* FoodApp */,
				4499F5A425B9831F007FBEBB /* Products */,
				4A2C60536F49ABCC8D5E6841 /* Pods */,
				71317D55736FE31292DFE190 /* Frameworks */,
			);
			sourceTree = "<group>";
		};
		4499F5A425B9831F007FBEBB /* Products */ = {
			isa = PBXGroup;
			children = (
				4499F5A325B9831F007FBEBB /* FoodApp.app */,
			);
			name = Products;
			sourceTree = "<group>";
		};
		4499F5A525B9831F007FBEBB /* FoodApp */ = {
			isa = PBXGroup;
			children = (
				44784C4925B98C570058D9DF /* Calibri Font */,
				4499F5A625B9831F007FBEBB /* AppDelegate.swift */,
				4499F5A825B9831F007FBEBB /* SceneDelegate.swift */,
				4499F5AA25B9831F007FBEBB /* ViewController.swift */,
				4499F5AC25B9831F007FBEBB /* Main.storyboard */,
				4499F5AF25B98320007FBEBB /* Assets.xcassets */,
				4499F5B125B98320007FBEBB /* LaunchScreen.storyboard */,
				4499F5B425B98320007FBEBB /* Info.plist */,
				44FB585D25BADECA009EB595 /* OrderViewController.swift */,
			);
			path = FoodApp;
			sourceTree = "<group>";
		};
		4A2C60536F49ABCC8D5E6841 /* Pods */ = {
			isa = PBXGroup;
			children = (
				2C9766AD97AFBD5193584A5E /* Pods-FoodApp.debug.xcconfig */,
				DEF1015219DAF3887399439A /* Pods-FoodApp.release.xcconfig */,
			);
			path = Pods;
			sourceTree = "<group>";
		};
		71317D55736FE31292DFE190 /* Frameworks */ = {
			isa = PBXGroup;
			children = (
				C48D3A847594044742CF8FB4 /* Pods_FoodApp.framework */,
			);
			name = Frameworks;
			sourceTree = "<group>";
		};
/* End PBXGroup section */

/* Begin PBXNativeTarget section */
		4499F5A225B9831F007FBEBB /* FoodApp */ = {
			isa = PBXNativeTarget;
			buildConfigurationList = 4499F5B725B98320007FBEBB /* Build configuration list for PBXNativeTarget "FoodApp" */;
			buildPhases = (
				9142D43E51000768F1D4C006 /* [CP] Check Pods Manifest.lock */,
				4499F59F25B9831F007FBEBB /* Sources */,
				4499F5A025B9831F007FBEBB /* Frameworks */,
				4499F5A125B9831F007FBEBB /* Resources */,
				2FEE1EEC7AC042D717DFCFA4 /* [CP] Embed Pods Frameworks */,
			);
			buildRules = (
			);
			dependencies = (
			);
			name = FoodApp;
			productName = FoodApp;
			productReference = 4499F5A325B9831F007FBEBB /* FoodApp.app */;
			productType = "com.apple.product-type.application";
		};
/* End PBXNativeTarget section */

/* Begin PBXProject section */
		4499F59B25B9831F007FBEBB /* Project object */ = {
			isa = PBXProject;
			attributes = {
				LastSwiftUpdateCheck = 1230;
				LastUpgradeCheck = 1230;
				TargetAttributes = {
					4499F5A225B9831F007FBEBB = {
						CreatedOnToolsVersion = 12.3;
					};
				};
			};
			buildConfigurationList = 4499F59E25B9831F007FBEBB /* Build configuration list for PBXProject "FoodApp" */;
			compatibilityVersion = "Xcode 9.3";
			developmentRegion = en;
			hasScannedForEncodings = 0;
			knownRegions = (
				en,
				Base,
			);
			mainGroup = 4499F59A25B9831F007FBEBB;
			productRefGroup = 4499F5A425B9831F007FBEBB /* Products */;
			projectDirPath = "";
			projectRoot = "";
			targets = (
				4499F5A225B9831F007FBEBB /* FoodApp */,
			);
		};
/* End PBXProject section */

/* Begin PBXResourcesBuildPhase section */
		4499F5A125B9831F007FBEBB /* Resources */ = {
			isa = PBXResourcesBuildPhase;
			buildActionMask = 2147483647;
			files = (
				4499F5B325B98320007FBEBB /* LaunchScreen.storyboard in Resources */,
				4499F5B025B98320007FBEBB /* Assets.xcassets in Resources */,
				4499F5AE25B9831F007FBEBB /* Main.storyboard in Resources */,
			);
			runOnlyForDeploymentPostprocessing = 0;
		};
/* End PBXResourcesBuildPhase section */

/* Begin PBXShellScriptBuildPhase section */
		2FEE1EEC7AC042D717DFCFA4 /* [CP] Embed Pods Frameworks */ = {
			isa = PBXShellScriptBuildPhase;
			buildActionMask = 2147483647;
			files = (
			);
			inputFileListPaths = (
				"${PODS_ROOT}/Target Support Files/Pods-FoodApp/Pods-FoodApp-frameworks-${CONFIGURATION}-input-files.xcfilelist",
			);
			name = "[CP] Embed Pods Frameworks";
			outputFileListPaths = (
				"${PODS_ROOT}/Target Support Files/Pods-FoodApp/Pods-FoodApp-frameworks-${CONFIGURATION}-output-files.xcfilelist",
			);
			runOnlyForDeploymentPostprocessing = 0;
			shellPath = /bin/sh;
			shellScript = "\"${PODS_ROOT}/Target Support Files/Pods-FoodApp/Pods-FoodApp-frameworks.sh\"\n";
			showEnvVarsInLog = 0;
		};
		9142D43E51000768F1D4C006 /* [CP] Check Pods Manifest.lock */ = {
			isa = PBXShellScriptBuildPhase;
			buildActionMask = 2147483647;
			files = (
			);
			inputFileListPaths = (
			);
			inputPaths = (
				"${PODS_PODFILE_DIR_PATH}/Podfile.lock",
				"${PODS_ROOT}/Manifest.lock",
			);
			name = "[CP] Check Pods Manifest.lock";
			outputFileListPaths = (
			);
			outputPaths = (
				"$(DERIVED_FILE_DIR)/Pods-FoodApp-checkManifestLockResult.txt",
			);
			runOnlyForDeploymentPostprocessing = 0;
			shellPath = /bin/sh;
			shellScript = "diff \"${PODS_PODFILE_DIR_PATH}/Podfile.lock\" \"${PODS_ROOT}/Manifest.lock\" > /dev/null\nif [ $? != 0 ] ; then\n    # print error to STDERR\n    echo \"error: The sandbox is not in sync with the Podfile.lock. Run 'pod install' or update your CocoaPods installation.\" >&2\n    exit 1\nfi\n# This output is used by Xcode 'outputs' to avoid re-running this script phase.\necho \"SUCCESS\" > \"${SCRIPT_OUTPUT_FILE_0}\"\n";
			showEnvVarsInLog = 0;
		};
/* End PBXShellScriptBuildPhase section */

/* Begin PBXSourcesBuildPhase section */
		4499F59F25B9831F007FBEBB /* Sources */ = {
			isa = PBXSourcesBuildPhase;
			buildActionMask = 2147483647;
			files = (
				4499F5AB25B9831F007FBEBB /* ViewController.swift in Sources */,
				4499F5A725B9831F007FBEBB /* AppDelegate.swift in Sources */,
				4499F5A925B9831F007FBEBB /* SceneDelegate.swift in Sources */,
				44FB585E25BADECA009EB595 /* OrderViewController.swift in Sources */,
			);
			runOnlyForDeploymentPostprocessing = 0;
		};
/* End PBXSourcesBuildPhase section */

/* Begin PBXVariantGroup section */
		4499F5AC25B9831F007FBEBB /* Main.storyboard */ = {
			isa = PBXVariantGroup;
			children = (
				4499F5AD25B9831F007FBEBB /* Base */,
			);
			name = Main.storyboard;
			sourceTree = "<group>";
		};
		4499F5B125B98320007FBEBB /* LaunchScreen.storyboard */ = {
			isa = PBXVariantGroup;
			children = (
				4499F5B225B98320007FBEBB /* Base */,
			);
			name = LaunchScreen.storyboard;
			sourceTree = "<group>";
		};
/* End PBXVariantGroup section */

/* Begin XCBuildConfiguration section */
		4499F5B525B98320007FBEBB /* Debug */ = {
			isa = XCBuildConfiguration;
			buildSettings = {
				ALWAYS_SEARCH_USER_PATHS = NO;
				CLANG_ANALYZER_NONNULL = YES;
				CLANG_ANALYZER_NUMBER_OBJECT_CONVERSION = YES_AGGRESSIVE;
				CLANG_CXX_LANGUAGE_STANDARD = "gnu++14";
				CLANG_CXX_LIBRARY = "libc++";
				CLANG_ENABLE_MODULES = YES;
				CLANG_ENABLE_OBJC_ARC = YES;
				CLANG_ENABLE_OBJC_WEAK = YES;
				CLANG_WARN_BLOCK_CAPTURE_AUTORELEASING = YES;
				CLANG_WARN_BOOL_CONVERSION = YES;
				CLANG_WARN_COMMA = YES;
				CLANG_WARN_CONSTANT_CONVERSION = YES;
				CLANG_WARN_DEPRECATED_OBJC_IMPLEMENTATIONS = YES;
				CLANG_WARN_DIRECT_OBJC_ISA_USAGE = YES_ERROR;
				CLANG_WARN_DOCUMENTATION_COMMENTS = YES;
				CLANG_WARN_EMPTY_BODY = YES;
				CLANG_WARN_ENUM_CONVERSION = YES;
				CLANG_WARN_INFINITE_RECURSION = YES;
				CLANG_WARN_INT_CONVERSION = YES;
				CLANG_WARN_NON_LITERAL_NULL_CONVERSION = YES;
				CLANG_WARN_OBJC_IMPLICIT_RETAIN_SELF = YES;
				CLANG_WARN_OBJC_LITERAL_CONVERSION = YES;
				CLANG_WARN_OBJC_ROOT_CLASS = YES_ERROR;
				CLANG_WARN_QUOTED_INCLUDE_IN_FRAMEWORK_HEADER = YES;
				CLANG_WARN_RANGE_LOOP_ANALYSIS = YES;
				CLANG_WARN_STRICT_PROTOTYPES = YES;
				CLANG_WARN_SUSPICIOUS_MOVE = YES;
				CLANG_WARN_UNGUARDED_AVAILABILITY = YES_AGGRESSIVE;
				CLANG_WARN_UNREACHABLE_CODE = YES;
				CLANG_WARN__DUPLICATE_METHOD_MATCH = YES;
				COPY_PHASE_STRIP = NO;
				DEBUG_INFORMATION_FORMAT = dwarf;
				ENABLE_STRICT_OBJC_MSGSEND = YES;
				ENABLE_TESTABILITY = YES;
				GCC_C_LANGUAGE_STANDARD = gnu11;
				GCC_DYNAMIC_NO_PIC = NO;
				GCC_NO_COMMON_BLOCKS = YES;
				GCC_OPTIMIZATION_LEVEL = 0;
				GCC_PREPROCESSOR_DEFINITIONS = (
					"DEBUG=1",
					"$(inherited)",
				);
				GCC_WARN_64_TO_32_BIT_CONVERSION = YES;
				GCC_WARN_ABOUT_RETURN_TYPE = YES_ERROR;
				GCC_WARN_UNDECLARED_SELECTOR = YES;
				GCC_WARN_UNINITIALIZED_AUTOS = YES_AGGRESSIVE;
				GCC_WARN_UNUSED_FUNCTION = YES;
				GCC_WARN_UNUSED_VARIABLE = YES;
				IPHONEOS_DEPLOYMENT_TARGET = 14.3;
				MTL_ENABLE_DEBUG_INFO = INCLUDE_SOURCE;
				MTL_FAST_MATH = YES;
				ONLY_ACTIVE_ARCH = YES;
				SDKROOT = iphoneos;
				SWIFT_ACTIVE_COMPILATION_CONDITIONS = DEBUG;
				SWIFT_OPTIMIZATION_LEVEL = "-Onone";
			};
			name = Debug;
		};
		4499F5B625B98320007FBEBB /* Release */ = {
			isa = XCBuildConfiguration;
			buildSettings = {
				ALWAYS_SEARCH_USER_PATHS = NO;
				CLANG_ANALYZER_NONNULL = YES;
				CLANG_ANALYZER_NUMBER_OBJECT_CONVERSION = YES_AGGRESSIVE;
				CLANG_CXX_LANGUAGE_STANDARD = "gnu++14";
				CLANG_CXX_LIBRARY = "libc++";
				CLANG_ENABLE_MODULES = YES;
				CLANG_ENABLE_OBJC_ARC = YES;
				CLANG_ENABLE_OBJC_WEAK = YES;
				CLANG_WARN_BLOCK_CAPTURE_AUTORELEASING = YES;
				CLANG_WARN_BOOL_CONVERSION = YES;
				CLANG_WARN_COMMA = YES;
				CLANG_WARN_CONSTANT_CONVERSION = YES;
				CLANG_WARN_DEPRECATED_OBJC_IMPLEMENTATIONS = YES;
				CLANG_WARN_DIRECT_OBJC_ISA_USAGE = YES_ERROR;
				CLANG_WARN_DOCUMENTATION_COMMENTS = YES;
				CLANG_WARN_EMPTY_BODY = YES;
				CLANG_WARN_ENUM_CONVERSION = YES;
				CLANG_WARN_INFINITE_RECURSION = YES;
				CLANG_WARN_INT_CONVERSION = YES;
				CLANG_WARN_NON_LITERAL_NULL_CONVERSION = YES;
				CLANG_WARN_OBJC_IMPLICIT_RETAIN_SELF = YES;
				CLANG_WARN_OBJC_LITERAL_CONVERSION = YES;
				CLANG_WARN_OBJC_ROOT_CLASS = YES_ERROR;
				CLANG_WARN_QUOTED_INCLUDE_IN_FRAMEWORK_HEADER = YES;
				CLANG_WARN_RANGE_LOOP_ANALYSIS = YES;
				CLANG_WARN_STRICT_PROTOTYPES = YES;
				CLANG_WARN_SUSPICIOUS_MOVE = YES;
				CLANG_WARN_UNGUARDED_AVAILABILITY = YES_AGGRESSIVE;
				CLANG_WARN_UNREACHABLE_CODE = YES;
				CLANG_WARN__DUPLICATE_METHOD_MATCH = YES;
				COPY_PHASE_STRIP = NO;
				DEBUG_INFORMATION_FORMAT = "dwarf-with-dsym";
				ENABLE_NS_ASSERTIONS = NO;
				ENABLE_STRICT_OBJC_MSGSEND = YES;
				GCC_C_LANGUAGE_STANDARD = gnu11;
				GCC_NO_COMMON_BLOCKS = YES;
				GCC_WARN_64_TO_32_BIT_CONVERSION = YES;
				GCC_WARN_ABOUT_RETURN_TYPE = YES_ERROR;
				GCC_WARN_UNDECLARED_SELECTOR = YES;
				GCC_WARN_UNINITIALIZED_AUTOS = YES_AGGRESSIVE;
				GCC_WARN_UNUSED_FUNCTION = YES;
				GCC_WARN_UNUSED_VARIABLE = YES;
				IPHONEOS_DEPLOYMENT_TARGET = 14.3;
				MTL_ENABLE_DEBUG_INFO = NO;
				MTL_FAST_MATH = YES;
				SDKROOT = iphoneos;
				SWIFT_COMPILATION_MODE = wholemodule;
				SWIFT_OPTIMIZATION_LEVEL = "-O";
				VALIDATE_PRODUCT = YES;
			};
			name = Release;
		};
		4499F5B825B98320007FBEBB /* Debug */ = {
			isa = XCBuildConfiguration;
			baseConfigurationReference = 2C9766AD97AFBD5193584A5E /* Pods-FoodApp.debug.xcconfig */;
			buildSettings = {
				ASSETCATALOG_COMPILER_APPICON_NAME = AppIcon;
				ASSETCATALOG_COMPILER_GLOBAL_ACCENT_COLOR_NAME = AccentColor;
				CODE_SIGN_STYLE = Automatic;
				DEVELOPMENT_TEAM = G74KV3F9X3;
				INFOPLIST_FILE = FoodApp/Info.plist;
				IPHONEOS_DEPLOYMENT_TARGET = 14.0;
				LD_RUNPATH_SEARCH_PATHS = (
					"$(inherited)",
					"@executable_path/Frameworks",
				);
				PRODUCT_BUNDLE_IDENTIFIER = bilal.khan.FoodApp;
				PRODUCT_NAME = "$(TARGET_NAME)";
				SWIFT_VERSION = 5.0;
				TARGETED_DEVICE_FAMILY = "1,2";
			};
			name = Debug;
		};
		4499F5B925B98320007FBEBB /* Release */ = {
			isa = XCBuildConfiguration;
			baseConfigurationReference = DEF1015219DAF3887399439A /* Pods-FoodApp.release.xcconfig */;
			buildSettings = {
				ASSETCATALOG_COMPILER_APPICON_NAME = AppIcon;
				ASSETCATALOG_COMPILER_GLOBAL_ACCENT_COLOR_NAME = AccentColor;
				CODE_SIGN_STYLE = Automatic;
				DEVELOPMENT_TEAM = G74KV3F9X3;
				INFOPLIST_FILE = FoodApp/Info.plist;
				IPHONEOS_DEPLOYMENT_TARGET = 14.0;
				LD_RUNPATH_SEARCH_PATHS = (
					"$(inherited)",
					"@executable_path/Frameworks",
				);
				PRODUCT_BUNDLE_IDENTIFIER = bilal.khan.FoodApp;
				PRODUCT_NAME = "$(TARGET_NAME)";
				SWIFT_VERSION = 5.0;
				TARGETED_DEVICE_FAMILY = "1,2";
			};
			name = Release;
		};
/* End XCBuildConfiguration section */

/* Begin XCConfigurationList section */
		4499F59E25B9831F007FBEBB /* Build configuration list for PBXProject "FoodApp" */ = {
			isa = XCConfigurationList;
			buildConfigurations = (
				4499F5B525B98320007FBEBB /* Debug */,
				4499F5B625B98320007FBEBB /* Release */,
			);
			defaultConfigurationIsVisible = 0;
			defaultConfigurationName = Release;
		};
		4499F5B725B98320007FBEBB /* Build configuration list for PBXNativeTarget "FoodApp" */ = {
			isa = XCConfigurationList;
			buildConfigurations = (
				4499F5B825B98320007FBEBB /* Debug */,
				4499F5B925B98320007FBEBB /* Release */,
			);
			defaultConfigurationIsVisible = 0;
			defaultConfigurationName = Release;
		};
/* End XCConfigurationList section */
	};
	rootObject = 4499F59B25B9831F007FBEBB /* Project object */;
}
